{
  "name": "clownface-address",
  "version": "0.0.1",
  "lockfileVersion": 1,
  "requires": true,
  "dependencies": {
    "@rdfjs/data-model": {
      "version": "1.1.0",
      "resolved": "https://registry.npmjs.org/@rdfjs/data-model/-/data-model-1.1.0.tgz",
      "integrity": "sha512-vK7TlSFBJQihqMoMgXK/VtcRV+rCQSOLB9VGAfv4Pr6BzUbBcR0CeM/RpkD4bHGX3816eaaURH1CNgN7togWdw=="
    },
    "@rdfjs/parser-n3": {
      "version": "1.1.2",
      "resolved": "https://registry.npmjs.org/@rdfjs/parser-n3/-/parser-n3-1.1.2.tgz",
      "integrity": "sha512-vgHZ2HuDIaLD1MX/j2Mlc9UDh72Nq18EkVuBgmson3mx4AtEhWEx9N2BrrsWB5j+F3hDyK+d7ShG22Xx5Y5xdw==",
      "requires": {
        "@rdfjs/data-model": "1.1.0",
        "@rdfjs/sink": "1.0.2",
        "n3": "1.0.0-beta.2",
        "readable-stream": "2.3.6"
      }
    },
    "@rdfjs/sink": {
      "version": "1.0.2",
      "resolved": "https://registry.npmjs.org/@rdfjs/sink/-/sink-1.0.2.tgz",
      "integrity": "sha512-OCrxe+2CGy12xS8yjUMIUtbUI9jjM1WSvbw24JTJBo9jWf6pmeyk5IkMwI/Y8Sj/m2RajFiECMoP5MybIOAOSw=="
    },
    "core-util-is": {
      "version": "1.0.2",
      "resolved": "https://registry.npmjs.org/core-util-is/-/core-util-is-1.0.2.tgz",
      "integrity": "sha1-tf1UIgqivFq1eqtxQMlAdUUDwac="
    },
    "emitter-component": {
      "version": "1.1.1",
      "resolved": "https://registry.npmjs.org/emitter-component/-/emitter-component-1.1.1.tgz",
      "integrity": "sha1-Bl4tvtaVm/RwZ57avq95gdEAOrY="
    },
    "inherits": {
      "version": "2.0.3",
      "resolved": "https://registry.npmjs.org/inherits/-/inherits-2.0.3.tgz",
      "integrity": "sha1-Yzwsg+PaQqUC9SRmAiSA9CCCYd4="
    },
    "isarray": {
      "version": "1.0.0",
      "resolved": "https://registry.npmjs.org/isarray/-/isarray-1.0.0.tgz",
      "integrity": "sha1-u5NdSFgsuhaMBoNJV6VKPgcSTxE="
    },
    "n3": {
      "version": "1.0.0-beta.2",
      "resolved": "https://registry.npmjs.org/n3/-/n3-1.0.0-beta.2.tgz",
      "integrity": "sha512-dY0Q21JhNJozPMSijKI9phfgocXb7hF9F8zOPnsRu0Dy61eQwQVKcFEw59V0sn2F/neJjNg7WHmNtGLMkPpKPA=="
    },
    "process-nextick-args": {
      "version": "2.0.0",
      "resolved": "https://registry.npmjs.org/process-nextick-args/-/process-nextick-args-2.0.0.tgz",
      "integrity": "sha512-MtEC1TqN0EU5nephaJ4rAtThHtC86dNN9qCuEhtshvpVBkAW5ZO7BASN9REnF9eoXGcRub+pFuKEpOHE+HbEMw=="
    },
    "readable-stream": {
      "version": "2.3.6",
      "resolved": "http://registry.npmjs.org/readable-stream/-/readable-stream-2.3.6.tgz",
      "integrity": "sha512-tQtKA9WIAhBF3+VLAseyMqZeBjW0AHJoxOtYqSUZNJxauErmLbVm2FW1y+J/YA9dUrAC39ITejlZWhVIwawkKw==",
      "requires": {
        "core-util-is": "1.0.2",
        "inherits": "2.0.3",
        "isarray": "1.0.0",
        "process-nextick-args": "2.0.0",
        "safe-buffer": "5.1.2",
        "string_decoder": "1.1.1",
        "util-deprecate": "1.0.2"
      }
    },
    "safe-buffer": {
      "version": "5.1.2",
      "resolved": "https://registry.npmjs.org/safe-buffer/-/safe-buffer-5.1.2.tgz",
      "integrity": "sha512-Gd2UZBJDkXlY7GbJxfsE8/nvKkUEU1G38c1siN6QP6a9PT9MmHB8GnpscSmMJSoF8LOIrt8ud/wPtojys4G6+g=="
    },
    "stream": {
      "version": "0.0.2",
      "resolved": "https://registry.npmjs.org/stream/-/stream-0.0.2.tgz",
      "integrity": "sha1-f1Nj8Ff2WSxVlfALyAon9c7B8O8=",
      "requires": {
        "emitter-component": "1.1.1"
      }
    },
    "string_decoder": {
      "version": "1.1.1",
      "resolved": "https://registry.npmjs.org/string_decoder/-/string_decoder-1.1.1.tgz",
      "integrity": "sha512-n/ShnvDi6FHbbVfviro+WojiFzv+s8MPMHBczVePfUpDJLwoLT0ht1l4YwBCbi8pJAveEEdnkHyPyTP/mzRfwg==",
      "requires": {
        "safe-buffer": "5.1.2"
      }
    },
    "util-deprecate": {
      "version": "1.0.2",
      "resolved": "https://registry.npmjs.org/util-deprecate/-/util-deprecate-1.0.2.tgz",
      "integrity": "sha1-RQ1Nyfpw3nMnYvvS1KKJgUGaDM8="
    }
  }
}
