{
  "name": "rdf-store-sparql-simplerdf-permit",
  "version": "0.0.1",
  "lockfileVersion": 1,
  "requires": true,
  "dependencies": {
    "@rdfjs/data-model": {
      "version": "1.1.1",
      "resolved": "https://registry.npmjs.org/@rdfjs/data-model/-/data-model-1.1.1.tgz",
      "integrity": "sha512-4jb1zc77f27u/MLVhpE/zHR1uvdH4XElXG63rJP/kVnvKoHtVfyJSEqN9oRLANgqHJ9SNwKj9FXeNFZ4+GGfiw==",
      "requires": {
        "@types/rdf-js": "2.0.1"
      }
    },
    "@rdfjs/to-ntriples": {
      "version": "1.0.1",
      "resolved": "https://registry.npmjs.org/@rdfjs/to-ntriples/-/to-ntriples-1.0.1.tgz",
      "integrity": "sha512-fgVEDptGdErQX6PMztNsSG0CECt4HDBs6oo0J7fbg0PDCRVTJQITnbEANZnYxx01sSW4zu7fKBmfVfCFlxppPQ=="
    },
    "@types/node": {
      "version": "10.12.3",
      "resolved": "https://registry.npmjs.org/@types/node/-/node-10.12.3.tgz",
      "integrity": "sha512-sfGmOtSMSbQ/AKG8V9xD1gmjquC9awIIZ/Kj309pHb2n3bcRAcGMQv5nJ6gCXZVsneGE4+ve8DXKRCsrg3TFzg=="
    },
    "@types/rdf-js": {
      "version": "2.0.1",
      "resolved": "https://registry.npmjs.org/@types/rdf-js/-/rdf-js-2.0.1.tgz",
      "integrity": "sha512-x3Qct8TPilUos4znM1gANmtTvjOFdDRItmpEM2Nu9QgAx258FN9k22OvOu2TmPzOlx8a1FLdEW3o33UXHQt5ow==",
      "requires": {
        "@types/node": "10.12.3"
      }
    },
    "bluebird": {
      "version": "3.5.3",
      "resolved": "https://registry.npmjs.org/bluebird/-/bluebird-3.5.3.tgz",
      "integrity": "sha512-/qKPUQlaW1OyR51WeCPBvRnAlnZFUJkCSG5HzGnuIqhgyJtF+T94lFnn33eiazjRm2LAHVy2guNnaq48X9SJuw=="
    },
    "buffer-from": {
      "version": "1.1.1",
      "resolved": "https://registry.npmjs.org/buffer-from/-/buffer-from-1.1.1.tgz",
      "integrity": "sha512-MQcXEUbCKtEo7bhqEs6560Hyd4XaovZlO/k9V3hjVUF/zwW7KBVdSK4gIt/bzwS9MbR5qob+F5jusZsb0YQK2A=="
    },
    "concat-stream": {
      "version": "1.6.2",
      "resolved": "https://registry.npmjs.org/concat-stream/-/concat-stream-1.6.2.tgz",
      "integrity": "sha512-27HBghJxjiZtIk3Ycvn/4kbJk/1uZuJFfuPEns6LaEvpvG1f0hTea8lilrouyo9mVc2GWdcEZ8OLoGmSADlrCw==",
      "requires": {
        "buffer-from": "1.1.1",
        "inherits": "2.0.3",
        "readable-stream": "2.3.6",
        "typedarray": "0.0.6"
      }
    },
    "core-util-is": {
      "version": "1.0.2",
      "resolved": "https://registry.npmjs.org/core-util-is/-/core-util-is-1.0.2.tgz",
      "integrity": "sha1-tf1UIgqivFq1eqtxQMlAdUUDwac="
    },
    "encoding": {
      "version": "0.1.12",
      "resolved": "https://registry.npmjs.org/encoding/-/encoding-0.1.12.tgz",
      "integrity": "sha1-U4tm8+5izRq1HsMjgp0flIDHS+s=",
      "requires": {
        "iconv-lite": "0.4.24"
      }
    },
    "iconv-lite": {
      "version": "0.4.24",
      "resolved": "https://registry.npmjs.org/iconv-lite/-/iconv-lite-0.4.24.tgz",
      "integrity": "sha512-v3MXnZAcvnywkTUEZomIActle7RXXeedOR31wwl7VlyoXO4Qi9arvSenNQWne1TcRwhCL1HwLI21bEqdpj8/rA==",
      "requires": {
        "safer-buffer": "2.1.2"
      }
    },
    "inherits": {
      "version": "2.0.3",
      "resolved": "https://registry.npmjs.org/inherits/-/inherits-2.0.3.tgz",
      "integrity": "sha1-Yzwsg+PaQqUC9SRmAiSA9CCCYd4="
    },
    "is-stream": {
      "version": "1.1.0",
      "resolved": "https://registry.npmjs.org/is-stream/-/is-stream-1.1.0.tgz",
      "integrity": "sha1-EtSj3U5o4Lec6428hBc66A2RykQ="
    },
    "isarray": {
      "version": "1.0.0",
      "resolved": "https://registry.npmjs.org/isarray/-/isarray-1.0.0.tgz",
      "integrity": "sha1-u5NdSFgsuhaMBoNJV6VKPgcSTxE="
    },
    "isomorphic-fetch": {
      "version": "2.2.1",
      "resolved": "https://registry.npmjs.org/isomorphic-fetch/-/isomorphic-fetch-2.2.1.tgz",
      "integrity": "sha1-YRrhrPFPXoH3KVB0coGf6XM1WKk=",
      "requires": {
        "node-fetch": "1.7.3",
        "whatwg-fetch": "3.0.0"
      }
    },
    "n3": {
      "version": "0.11.3",
      "resolved": "http://registry.npmjs.org/n3/-/n3-0.11.3.tgz",
      "integrity": "sha512-Hk5GSXBeAZrYoqi+NeS/U0H47Hx0Lzj7K6nLWCZpC9E04iUwEwBcrlMb/5foAli7QF4newPNQQQGgM6IAxTxGg=="
    },
    "node-fetch": {
      "version": "1.7.3",
      "resolved": "https://registry.npmjs.org/node-fetch/-/node-fetch-1.7.3.tgz",
      "integrity": "sha512-NhZ4CsKx7cYm2vSrBAr2PvFOe6sWDf0UYLRqA6svUYg7+/TSfVAu49jYC4BvQ4Sms9SZgdqGBgroqfDhJdTyKQ==",
      "requires": {
        "encoding": "0.1.12",
        "is-stream": "1.1.0"
      }
    },
    "nodeify-fetch": {
      "version": "2.0.0",
      "resolved": "https://registry.npmjs.org/nodeify-fetch/-/nodeify-fetch-2.0.0.tgz",
      "integrity": "sha512-0hA8trU59bKsIjmSYfHdRnO9Ro4EgpKR+I8Akubv84uEW6NOjTbH1CWLEbis3e+u1M0fbCbAIImMlf92Bj67wQ==",
      "requires": {
        "concat-stream": "1.6.2",
        "isomorphic-fetch": "2.2.1",
        "readable-error": "1.0.0",
        "readable-stream": "2.3.6"
      }
    },
    "process-nextick-args": {
      "version": "2.0.0",
      "resolved": "https://registry.npmjs.org/process-nextick-args/-/process-nextick-args-2.0.0.tgz",
      "integrity": "sha512-MtEC1TqN0EU5nephaJ4rAtThHtC86dNN9qCuEhtshvpVBkAW5ZO7BASN9REnF9eoXGcRub+pFuKEpOHE+HbEMw=="
    },
    "promise-queue": {
      "version": "2.2.5",
      "resolved": "https://registry.npmjs.org/promise-queue/-/promise-queue-2.2.5.tgz",
      "integrity": "sha1-L29ffA9tCBCelnZZx5uIqe1ek7Q="
    },
    "rdf-data-model": {
      "version": "1.0.0",
      "resolved": "https://registry.npmjs.org/rdf-data-model/-/rdf-data-model-1.0.0.tgz",
      "integrity": "sha1-52jhws2QTBhkcbINGk/Od8dxKks="
    },
    "rdf-dataset-abstract": {
      "version": "1.0.0",
      "resolved": "https://registry.npmjs.org/rdf-dataset-abstract/-/rdf-dataset-abstract-1.0.0.tgz",
      "integrity": "sha512-epbcUIc0QYwwW40q8DSo/V9HQ4XCZqfyPexQWwOMPBnEBnJFL1ksWa5SWr1z9Lw3uB3C2omoU14h4kNBxR+W3g==",
      "requires": {
        "readable-stream": "2.3.6"
      }
    },
    "rdf-dataset-callback": {
      "version": "1.0.0",
      "resolved": "https://registry.npmjs.org/rdf-dataset-callback/-/rdf-dataset-callback-1.0.0.tgz",
      "integrity": "sha512-aBiVBhjLLSaGvrSc+pbXsSnT4t/d79d3cJFW3LynCp+cQM99wSZ8CTonEdUcMGI//k6/R19imNBUvVbTovJWmw==",
      "requires": {
        "rdf-dataset-abstract": "1.0.0",
        "readable-stream": "2.3.6"
      }
    },
    "rdf-dataset-simple": {
      "version": "1.0.0",
      "resolved": "https://registry.npmjs.org/rdf-dataset-simple/-/rdf-dataset-simple-1.0.0.tgz",
      "integrity": "sha1-AiOKMyFZVmf780M1/0kVPJy1kSY=",
      "requires": {
        "readable-stream": "2.3.6"
      }
    },
    "rdf-ext": {
      "version": "1.1.2",
      "resolved": "https://registry.npmjs.org/rdf-ext/-/rdf-ext-1.1.2.tgz",
      "integrity": "sha512-7ZmJpHktw8ZRZHmml4Rylm33k46ixlu79qbJq50a/24+g0Bv7CCeNFJ70X3TXZMTs0+Igv51vN/cZ8M5Qmfasw==",
      "requires": {
        "@rdfjs/data-model": "1.1.1",
        "@rdfjs/to-ntriples": "1.0.1",
        "rdf-dataset-simple": "1.0.0",
        "rdf-normalize": "1.0.0"
      }
    },
    "rdf-fetch-lite": {
      "version": "1.1.2",
      "resolved": "https://registry.npmjs.org/rdf-fetch-lite/-/rdf-fetch-lite-1.1.2.tgz",
      "integrity": "sha512-zofZOcJfj1y/2UZmfivGrXIpXjkx7KITfxZltsYDry418N4tvbRwgl0sx9cIo+cUbwyKf4n2P3DlzDrVvXwrxg==",
      "requires": {
        "nodeify-fetch": "2.0.0",
        "rdf-ext": "1.1.2"
      }
    },
    "rdf-normalize": {
      "version": "1.0.0",
      "resolved": "https://registry.npmjs.org/rdf-normalize/-/rdf-normalize-1.0.0.tgz",
      "integrity": "sha1-U0lrrzYszp2fyh8iFsbDAAf5nMo="
    },
    "rdf-parser-n3": {
      "version": "1.1.1",
      "resolved": "https://registry.npmjs.org/rdf-parser-n3/-/rdf-parser-n3-1.1.1.tgz",
      "integrity": "sha512-0fmITANt/DcOB9in1ZuVaLBDwmsaKhhe4MQMVovWE4VBA1Jw/6UHXrmJsB+DS5Gqa7KtQdIIFTNCbArJKujQcw==",
      "requires": {
        "n3": "0.11.3",
        "rdf-data-model": "1.0.0",
        "rdf-sink": "1.0.1",
        "readable-stream": "2.3.6"
      }
    },
    "rdf-serializer-ntriples": {
      "version": "1.0.0",
      "resolved": "https://registry.npmjs.org/rdf-serializer-ntriples/-/rdf-serializer-ntriples-1.0.0.tgz",
      "integrity": "sha1-XmbXyZCpTqK9+CkXgdSWATf68xU=",
      "requires": {
        "rdf-sink": "1.0.1",
        "readable-stream": "2.3.6"
      }
    },
    "rdf-sink": {
      "version": "1.0.1",
      "resolved": "https://registry.npmjs.org/rdf-sink/-/rdf-sink-1.0.1.tgz",
      "integrity": "sha512-AytWds7C3HdYOr0nLpLcqvaPnbNFMlZ+u3gccYPzISxBvByMIfMzKbMbCzjQTZVmnVMEfCzACm2+MXeASAACAg==",
      "requires": {
        "rdf-ext": "1.1.2",
        "readable-stream": "2.3.6"
      }
    },
    "rdf-store-sparql": {
      "version": "2.0.0",
      "resolved": "https://registry.npmjs.org/rdf-store-sparql/-/rdf-store-sparql-2.0.0.tgz",
      "integrity": "sha512-J/cCFv76JPtz3PTOtqxlXFdIbxNQF1JLMhVMUEbrIDadgq14QH5p7wSx/491fKqtlF7IXciwmO2fa5v7XuPVxA==",
      "requires": {
        "@rdfjs/data-model": "1.1.1",
        "@rdfjs/to-ntriples": "1.0.1",
        "bluebird": "3.5.3",
        "promise-queue": "2.2.5",
        "rdf-ext": "1.1.2",
        "rdf-fetch-lite": "1.1.2",
        "rdf-parser-n3": "1.1.1",
        "rdf-serializer-ntriples": "1.0.0",
        "rdf-transform-triple-to-quad": "1.0.1",
        "sparql-http-client": "1.0.2"
      }
    },
    "rdf-transform-triple-to-quad": {
      "version": "1.0.1",
      "resolved": "https://registry.npmjs.org/rdf-transform-triple-to-quad/-/rdf-transform-triple-to-quad-1.0.1.tgz",
      "integrity": "sha1-ICoC6CGcrwHdzkV8t0vyni7qSSw=",
      "requires": {
        "rdf-data-model": "1.0.0",
        "readable-stream": "2.3.6"
      }
    },
    "readable-error": {
      "version": "1.0.0",
      "resolved": "https://registry.npmjs.org/readable-error/-/readable-error-1.0.0.tgz",
      "integrity": "sha512-CLnInu5bUphmFiZ3pD/BC6+Cg4/BzK6ZMvWfd0b2QMzYo159Z/f/nVFQ9L5IeMrqUxy0EFsp3XJ+BRfLfY13IQ==",
      "requires": {
        "readable-stream": "2.3.6"
      }
    },
    "readable-stream": {
      "version": "2.3.6",
      "resolved": "http://registry.npmjs.org/readable-stream/-/readable-stream-2.3.6.tgz",
      "integrity": "sha512-tQtKA9WIAhBF3+VLAseyMqZeBjW0AHJoxOtYqSUZNJxauErmLbVm2FW1y+J/YA9dUrAC39ITejlZWhVIwawkKw==",
      "requires": {
        "core-util-is": "1.0.2",
        "inherits": "2.0.3",
        "isarray": "1.0.0",
        "process-nextick-args": "2.0.0",
        "safe-buffer": "5.1.2",
        "string_decoder": "1.1.1",
        "util-deprecate": "1.0.2"
      }
    },
    "safe-buffer": {
      "version": "5.1.2",
      "resolved": "https://registry.npmjs.org/safe-buffer/-/safe-buffer-5.1.2.tgz",
      "integrity": "sha512-Gd2UZBJDkXlY7GbJxfsE8/nvKkUEU1G38c1siN6QP6a9PT9MmHB8GnpscSmMJSoF8LOIrt8ud/wPtojys4G6+g=="
    },
    "safer-buffer": {
      "version": "2.1.2",
      "resolved": "https://registry.npmjs.org/safer-buffer/-/safer-buffer-2.1.2.tgz",
      "integrity": "sha512-YZo3K82SD7Riyi0E1EQPojLz7kpepnSQI9IyPbHHg1XXXevb5dJI7tpyN2ADxGcQbHG7vcyRHk0cbwqcQriUtg=="
    },
    "simplerdf-core": {
      "version": "1.4.2",
      "resolved": "https://registry.npmjs.org/simplerdf-core/-/simplerdf-core-1.4.2.tgz",
      "integrity": "sha512-VoE+pPW+/vOK1fZPywVjLolLt7hs7WqDZzTet2be61Ulc6dJ8nciBmFRsCqQDtKvbFGqDc2iVE66fURMuLD4zQ==",
      "requires": {
        "rdf-dataset-callback": "1.0.0",
        "rdf-ext": "1.1.2"
      }
    },
    "sparql-http-client": {
      "version": "1.0.2",
      "resolved": "https://registry.npmjs.org/sparql-http-client/-/sparql-http-client-1.0.2.tgz",
      "integrity": "sha1-wPNYEnejeRwkEN1gctXv78pYsR0="
    },
    "string_decoder": {
      "version": "1.1.1",
      "resolved": "https://registry.npmjs.org/string_decoder/-/string_decoder-1.1.1.tgz",
      "integrity": "sha512-n/ShnvDi6FHbbVfviro+WojiFzv+s8MPMHBczVePfUpDJLwoLT0ht1l4YwBCbi8pJAveEEdnkHyPyTP/mzRfwg==",
      "requires": {
        "safe-buffer": "5.1.2"
      }
    },
    "typedarray": {
      "version": "0.0.6",
      "resolved": "https://registry.npmjs.org/typedarray/-/typedarray-0.0.6.tgz",
      "integrity": "sha1-hnrHTjhkGHsdPUfZlqeOxciDB3c="
    },
    "util-deprecate": {
      "version": "1.0.2",
      "resolved": "https://registry.npmjs.org/util-deprecate/-/util-deprecate-1.0.2.tgz",
      "integrity": "sha1-RQ1Nyfpw3nMnYvvS1KKJgUGaDM8="
    },
    "whatwg-fetch": {
      "version": "3.0.0",
      "resolved": "https://registry.npmjs.org/whatwg-fetch/-/whatwg-fetch-3.0.0.tgz",
      "integrity": "sha512-9GSJUgz1D4MfyKU7KRqwOjXCXTqWdFNvEr7eUBYchQiVc744mqK/MzXPNR2WsPkmkOa4ywfg8C2n8h+13Bey1Q=="
    }
  }
}
